<?xml version="1.0" encoding="UTF-8" standalone="yes" ?>
<CodeBlocks_project_file>
	<FileVersion major="1" minor="6" />
	<Project>
		<Option title="Wcl" />
		<Option pch_mode="2" />
		<Option compiler="gcc" />
		<Build>
			<Target title="Release Win32">
				<Option output="Release\libWCL" prefix_auto="1" extension_auto="1" />
				<Option working_dir="" />
				<Option object_output="Release" />
				<Option type="2" />
				<Option compiler="gcc" />
				<Option createDefFile="1" />
				<Compiler>
					<Add option="-O" />
					<Add option="-DNDEBUG" />
				</Compiler>
			</Target>
			<Target title="Debug Win32">
				<Option output="Debug\libWCL" prefix_auto="1" extension_auto="1" />
				<Option working_dir="" />
				<Option object_output="Debug" />
				<Option type="2" />
				<Option compiler="gcc" />
				<Option createDefFile="1" />
				<Compiler>
					<Add option="-D_DEBUG" />
				</Compiler>
			</Target>
		</Build>
		<Compiler>
			<Add option="-Wshadow" />
			<Add option="-Winit-self" />
			<Add option="-Wredundant-decls" />
			<Add option="-Wcast-align" />
			<Add option="-Wmissing-declarations" />
			<Add option="-Wmissing-include-dirs" />
			<Add option="-Wswitch-enum" />
			<Add option="-Wswitch-default" />
			<Add option="-Wextra" />
			<Add option="-Wall" />
			<Add option="-Werror" />
			<Add option="-DWIN32" />
			<Add option="-D_LIB" />
			<Add directory="..\..\Lib" />
		</Compiler>
		<Unit filename="Accel.cpp" />
		<Unit filename="Accel.hpp" />
		<Unit filename="App.cpp" />
		<Unit filename="App.hpp" />
		<Unit filename="AppConfig.cpp" />
		<Unit filename="AppConfig.hpp" />
		<Unit filename="AutoBool.hpp" />
		<Unit filename="AutoCom.hpp" />
		<Unit filename="AutoThreadLock.hpp" />
		<Unit filename="Bitmap.cpp" />
		<Unit filename="Bitmap.hpp" />
		<Unit filename="Brush.cpp" />
		<Unit filename="Brush.hpp" />
		<Unit filename="Buffer.cpp" />
		<Unit filename="Buffer.hpp" />
		<Unit filename="BusyCursor.cpp" />
		<Unit filename="BusyCursor.hpp" />
		<Unit filename="Button.cpp" />
		<Unit filename="Button.hpp" />
		<Unit filename="CheckBox.cpp" />
		<Unit filename="CheckBox.hpp" />
		<Unit filename="CheckBoxList.cpp" />
		<Unit filename="CheckBoxList.hpp" />
		<Unit filename="Clipboard.cpp" />
		<Unit filename="Clipboard.hpp" />
		<Unit filename="CmdBmp.cpp" />
		<Unit filename="CmdBmp.hpp" />
		<Unit filename="CmdBtn.cpp" />
		<Unit filename="CmdBtn.hpp" />
		<Unit filename="CmdCtrl.cpp" />
		<Unit filename="CmdCtrl.hpp" />
		<Unit filename="ComCtl32.cpp" />
		<Unit filename="ComCtl32.hpp" />
		<Unit filename="ComException.cpp" />
		<Unit filename="ComException.hpp" />
		<Unit filename="ComPtr.hpp" />
		<Unit filename="ComStr.cpp" />
		<Unit filename="ComStr.hpp" />
		<Unit filename="ComboBox.cpp" />
		<Unit filename="ComboBox.hpp" />
		<Unit filename="Common.hpp" />
		<Unit filename="CommonRsc.h" />
		<Unit filename="CommonUI.hpp" />
		<Unit filename="ConsoleApp.cpp" />
		<Unit filename="ConsoleApp.hpp" />
		<Unit filename="CriticalSection.cpp" />
		<Unit filename="CriticalSection.hpp" />
		<Unit filename="CtrlWnd.cpp" />
		<Unit filename="CtrlWnd.hpp" />
		<Unit filename="Cursor.cpp" />
		<Unit filename="Cursor.hpp" />
		<Unit filename="DC.cpp" />
		<Unit filename="DC.hpp" />
		<Unit filename="Date.cpp" />
		<Unit filename="Date.hpp" />
		<Unit filename="DateSpan.hpp" />
		<Unit filename="DateTime.cpp" />
		<Unit filename="DateTime.hpp" />
		<Unit filename="DateTimePicker.cpp" />
		<Unit filename="DateTimePicker.hpp" />
		<Unit filename="DecimalBox.cpp" />
		<Unit filename="DecimalBox.hpp" />
		<Unit filename="Dialog.cpp" />
		<Unit filename="Dialog.hpp" />
		<Unit filename="DlgFrame.cpp" />
		<Unit filename="DlgFrame.hpp" />
		<Unit filename="Dll.cpp" />
		<Unit filename="Dll.hpp" />
		<Unit filename="DllMain.cpp" />
		<Unit filename="Doc.cpp" />
		<Unit filename="Doc.hpp" />
		<Unit filename="Doxygen.cfg" />
		<Unit filename="EditBox.cpp" />
		<Unit filename="EditBox.hpp" />
		<Unit filename="Event.hpp" />
		<Unit filename="Exception.cpp" />
		<Unit filename="Exception.hpp" />
		<Unit filename="File.cpp" />
		<Unit filename="File.hpp" />
		<Unit filename="FileException.cpp" />
		<Unit filename="FileException.hpp" />
		<Unit filename="FolderIterator.cpp" />
		<Unit filename="FolderIterator.hpp" />
		<Unit filename="Font.cpp" />
		<Unit filename="Font.hpp" />
		<Unit filename="FrameMenu.cpp" />
		<Unit filename="FrameMenu.hpp" />
		<Unit filename="FrameWnd.cpp" />
		<Unit filename="FrameWnd.hpp" />
		<Unit filename="HelpFile.hpp" />
		<Unit filename="HintBar.cpp" />
		<Unit filename="HintBar.hpp" />
		<Unit filename="IConfigProvider.hpp" />
		<Unit filename="IFacePtr.hpp" />
		<Unit filename="IFaceTraits.hpp" />
		<Unit filename="IInputStream.hpp" />
		<Unit filename="IMsgFilter.hpp" />
		<Unit filename="IOutputStream.hpp" />
		<Unit filename="IStreamBase.hpp" />
		<Unit filename="IThreadLock.hpp" />
		<Unit filename="Icon.cpp" />
		<Unit filename="Icon.hpp" />
		<Unit filename="IconCtrl.cpp" />
		<Unit filename="IconCtrl.hpp" />
		<Unit filename="ImageList.cpp" />
		<Unit filename="ImageList.hpp" />
		<Unit filename="IniFile.cpp" />
		<Unit filename="IniFile.hpp" />
		<Unit filename="IniFileCfgProvider.cpp" />
		<Unit filename="IniFileCfgProvider.hpp" />
		<Unit filename="Label.cpp" />
		<Unit filename="Label.hpp" />
		<Unit filename="Library.cpp" />
		<Unit filename="Library.hpp" />
		<Unit filename="ListBox.cpp" />
		<Unit filename="ListBox.hpp" />
		<Unit filename="ListView.cpp" />
		<Unit filename="ListView.hpp" />
		<Unit filename="LogFont.cpp" />
		<Unit filename="LogFont.hpp" />
		<Unit filename="MRUList.cpp" />
		<Unit filename="MRUList.hpp" />
		<Unit filename="MainDlg.cpp" />
		<Unit filename="MainDlg.hpp" />
		<Unit filename="MainThread.cpp" />
		<Unit filename="MainThread.hpp" />
		<Unit filename="MemDC.cpp" />
		<Unit filename="MemDC.hpp" />
		<Unit filename="MemStream.cpp" />
		<Unit filename="MemStream.hpp" />
		<Unit filename="MemStreamException.cpp" />
		<Unit filename="MemStreamException.hpp" />
		<Unit filename="Menu.cpp" />
		<Unit filename="Menu.hpp" />
		<Unit filename="Module.cpp" />
		<Unit filename="Module.hpp" />
		<Unit filename="MsgThread.cpp" />
		<Unit filename="MsgThread.hpp" />
		<Unit filename="MsgWnd.cpp" />
		<Unit filename="MsgWnd.hpp" />
		<Unit filename="NetFinder.cpp" />
		<Unit filename="NetFinder.hpp" />
		<Unit filename="Path.cpp" />
		<Unit filename="Path.hpp" />
		<Unit filename="PathEditBox.cpp" />
		<Unit filename="PathEditBox.hpp" />
		<Unit filename="Pen.cpp" />
		<Unit filename="Pen.hpp" />
		<Unit filename="Point.hpp" />
		<Unit filename="PopupMenu.cpp" />
		<Unit filename="PopupMenu.hpp" />
		<Unit filename="PopupWnd.cpp" />
		<Unit filename="PopupWnd.hpp" />
		<Unit filename="Pragmas.hpp" />
		<Unit filename="Printer.cpp" />
		<Unit filename="Printer.hpp" />
		<Unit filename="PrinterDC.cpp" />
		<Unit filename="PrinterDC.hpp" />
		<Unit filename="ProgressBar.cpp" />
		<Unit filename="ProgressBar.hpp" />
		<Unit filename="PropertyPage.cpp" />
		<Unit filename="PropertyPage.hpp" />
		<Unit filename="PropertySheet.cpp" />
		<Unit filename="PropertySheet.hpp" />
		<Unit filename="RadioBtn.cpp" />
		<Unit filename="RadioBtn.hpp" />
		<Unit filename="ReadMe.txt" />
		<Unit filename="Rect.hpp" />
		<Unit filename="RegKey.cpp" />
		<Unit filename="RegKey.hpp" />
		<Unit filename="RegistryCfgProvider.cpp" />
		<Unit filename="RegistryCfgProvider.hpp" />
		<Unit filename="RegistryException.hpp" />
		<Unit filename="SDIApp.cpp" />
		<Unit filename="SDIApp.hpp" />
		<Unit filename="SDICmds.cpp" />
		<Unit filename="SDICmds.hpp" />
		<Unit filename="SDIDoc.cpp" />
		<Unit filename="SDIDoc.hpp" />
		<Unit filename="SDIFrame.cpp" />
		<Unit filename="SDIFrame.hpp" />
		<Unit filename="SafeVector.hpp" />
		<Unit filename="ScreenDC.cpp" />
		<Unit filename="ScreenDC.hpp" />
		<Unit filename="SeTranslator.cpp" />
		<Unit filename="SeTranslator.hpp" />
		<Unit filename="Size.hpp" />
		<Unit filename="SplitWnd.cpp" />
		<Unit filename="SplitWnd.hpp" />
		<Unit filename="StaticCtrl.cpp" />
		<Unit filename="StaticCtrl.hpp" />
		<Unit filename="StatusBar.cpp" />
		<Unit filename="StatusBar.hpp" />
		<Unit filename="StatusBarIcon.cpp" />
		<Unit filename="StatusBarIcon.hpp" />
		<Unit filename="StatusBarLabel.cpp" />
		<Unit filename="StatusBarLabel.hpp" />
		<Unit filename="StatusBarPanel.cpp" />
		<Unit filename="StatusBarPanel.hpp" />
		<Unit filename="StdWnd.cpp" />
		<Unit filename="StdWnd.hpp" />
		<Unit filename="StrArray.hpp" />
		<Unit filename="StrCvt.cpp" />
		<Unit filename="StrCvt.hpp" />
		<Unit filename="StrCvtException.cpp" />
		<Unit filename="StrCvtException.hpp" />
		<Unit filename="StrTok.cpp" />
		<Unit filename="StrTok.hpp" />
		<Unit filename="Stream.cpp" />
		<Unit filename="Stream.hpp" />
		<Unit filename="StreamException.hpp" />
		<Unit filename="String.cpp" />
		<Unit filename="String.hpp" />
		<Unit filename="StringUtils.cpp" />
		<Unit filename="StringUtils.hpp" />
		<Unit filename="StructuredException.cpp" />
		<Unit filename="StructuredException.hpp" />
		<Unit filename="SysInfo.cpp" />
		<Unit filename="SysInfo.hpp" />
		<Unit filename="TODO.Txt" />
		<Unit filename="TabCtrl.cpp" />
		<Unit filename="TabCtrl.hpp" />
		<Unit filename="TabWndHost.cpp" />
		<Unit filename="TabWndHost.hpp" />
		<Unit filename="Thread.hpp" />
		<Unit filename="ThreadJob.cpp" />
		<Unit filename="ThreadJob.hpp" />
		<Unit filename="ThreadPool.cpp" />
		<Unit filename="ThreadPool.hpp" />
		<Unit filename="ThreadPoolThread.cpp" />
		<Unit filename="ThreadPoolThread.hpp" />
		<Unit filename="Time.cpp" />
		<Unit filename="Time.hpp" />
		<Unit filename="TimeSpan.hpp" />
		<Unit filename="ToolBar.cpp" />
		<Unit filename="ToolBar.hpp" />
		<Unit filename="ToolTip.cpp" />
		<Unit filename="ToolTip.hpp" />
		<Unit filename="TraceLogger.cpp" />
		<Unit filename="TraceLogger.hpp" />
		<Unit filename="TransparentBmp.cpp" />
		<Unit filename="TransparentBmp.hpp" />
		<Unit filename="TrayIcon.cpp" />
		<Unit filename="TrayIcon.hpp" />
		<Unit filename="TreeView.cpp" />
		<Unit filename="TreeView.hpp" />
		<Unit filename="URLLabel.cpp" />
		<Unit filename="URLLabel.hpp" />
		<Unit filename="UpDownBtns.cpp" />
		<Unit filename="UpDownBtns.hpp" />
		<Unit filename="Variant.cpp" />
		<Unit filename="Variant.hpp" />
		<Unit filename="VariantBool.hpp" />
		<Unit filename="VerInfoReader.cpp" />
		<Unit filename="VerInfoReader.hpp" />
		<Unit filename="View.cpp" />
		<Unit filename="View.hpp" />
		<Unit filename="WclTypes.hpp" />
		<Unit filename="Win32Exception.hpp" />
		<Unit filename="WinMain.cpp" />
		<Unit filename="Wnd.cpp" />
		<Unit filename="Wnd.hpp" />
		<Unit filename="WndMap.cpp" />
		<Unit filename="WndMap.hpp" />
		<Unit filename="pch.cpp" />
		<Extensions>
			<code_completion />
			<debugger />
		</Extensions>
	</Project>
</CodeBlocks_project_file>
